
Microsoft Visual Studio Solution File, Format Version 12.00
# Visual Studio Version 16
VisualStudioVersion = 16.0.31229.75
MinimumVisualStudioVersion = 10.0.40219.1
Project("{D954291E-2A0B-460D-934E-DC6B0785DB48}") = "ULSAApp.Shared", "ULSAApp\ULSAApp.Shared\ULSAApp.Shared.shproj", "{6279C845-92F8-4333-AB99-3D213163593C}"
EndProject
Project("{2150E333-8FDC-42A3-9474-1A3956D46DE8}") = "Platforms", "Platforms", "{815AB553-E099-429C-84C8-ED7450EAC36A}"
EndProject
Project("{FAE04EC0-301F-11D3-BF4B-00C04F79EFBC}") = "ULSAApp.Droid", "ULSAApp\ULSAApp.Droid\ULSAApp.Droid.csproj", "{FFE76C2A-BE0B-442C-BA2A-C83E48BB468F}"
EndProject
Project("{FAE04EC0-301F-11D3-BF4B-00C04F79EFBC}") = "ULSAApp.iOS", "ULSAApp\ULSAApp.iOS\ULSAApp.iOS.csproj", "{2DAEFBC2-4261-4646-A81D-937D0F24611A}"
EndProject
Project("{FAE04EC0-301F-11D3-BF4B-00C04F79EFBC}") = "ULSAApp.UWP", "ULSAApp\ULSAApp.UWP\ULSAApp.UWP.csproj", "{A10C9F9B-1C84-4F8B-A8A3-86555A5387AE}"
EndProject
Project("{9A19103F-16F7-4668-BE54-9A1E7A4F7556}") = "ULSAApp.Wasm", "ULSAApp\ULSAApp.Wasm\ULSAApp.Wasm.csproj", "{CCF79827-7056-4162-B9C7-51C112C96A27}"
EndProject
Project("{FAE04EC0-301F-11D3-BF4B-00C04F79EFBC}") = "ULSAApp.macOS", "ULSAApp\ULSAApp.macOS\ULSAApp.macOS.csproj", "{B82D0E1E-81DD-4038-936C-CA31695F0E6C}"
EndProject
Project("{9A19103F-16F7-4668-BE54-9A1E7A4F7556}") = "ULSAApp.Skia.Wpf.Host", "ULSAApp\ULSAApp.Skia.Wpf.Host\ULSAApp.Skia.Wpf.Host.csproj", "{2065FA7E-07F6-4698-BDF4-51EB1D56FDA0}"
EndProject
Project("{9A19103F-16F7-4668-BE54-9A1E7A4F7556}") = "ULSAApp.Skia.Wpf", "ULSAApp\ULSAApp.Skia.Wpf\ULSAApp.Skia.Wpf.csproj", "{3AA41FEA-E3E9-4884-8EFD-5C35F9080C16}"
EndProject
Project("{9A19103F-16F7-4668-BE54-9A1E7A4F7556}") = "ULSAApp.Skia.Gtk", "ULSAApp\ULSAApp.Skia.Gtk\ULSAApp.Skia.Gtk.csproj", "{4E7C5CE3-3D4D-4756-A3BF-6C3FA7BF12E3}"
EndProject
Project("{9A19103F-16F7-4668-BE54-9A1E7A4F7556}") = "ULSAApp.Skia.Tizen", "ULSAApp\ULSAApp.Skia.Tizen\ULSAApp.Skia.Tizen.csproj", "{F05DC3D4-CA60-4387-9E43-1BA462B2F75E}"
EndProject
Project("{FAE04EC0-301F-11D3-BF4B-00C04F79EFBC}") = "ULSAApp.Api", "ULSAApp.Api\ULSAApp.Api.csproj", "{55676983-B238-494C-B649-DE7AF752E274}"
EndProject
Global
	GlobalSection(SharedMSBuildProjectFiles) = preSolution
		ULSAApp\ULSAApp.Shared\ULSAApp.Shared.projitems*{2daefbc2-4261-4646-a81d-937d0f24611a}*SharedItemsImports = 4
		ULSAApp\ULSAApp.Shared\ULSAApp.Shared.projitems*{3aa41fea-e3e9-4884-8efd-5c35f9080c16}*SharedItemsImports = 5
		ULSAApp\ULSAApp.Shared\ULSAApp.Shared.projitems*{4e7c5ce3-3d4d-4756-a3bf-6c3fa7bf12e3}*SharedItemsImports = 5
		ULSAApp\ULSAApp.Shared\ULSAApp.Shared.projitems*{6279c845-92f8-4333-ab99-3d213163593c}*SharedItemsImports = 13
		ULSAApp\ULSAApp.Shared\ULSAApp.Shared.projitems*{a10c9f9b-1c84-4f8b-a8a3-86555a5387ae}*SharedItemsImports = 4
		ULSAApp\ULSAApp.Shared\ULSAApp.Shared.projitems*{b82d0e1e-81dd-4038-936c-ca31695f0e6c}*SharedItemsImports = 4
		ULSAApp\ULSAApp.Shared\ULSAApp.Shared.projitems*{ccf79827-7056-4162-b9c7-51c112c96a27}*SharedItemsImports = 5
		ULSAApp\ULSAApp.Shared\ULSAApp.Shared.projitems*{f05dc3d4-ca60-4387-9e43-1ba462b2f75e}*SharedItemsImports = 5
		ULSAApp\ULSAApp.Shared\ULSAApp.Shared.projitems*{ffe76c2a-be0b-442c-ba2a-c83e48bb468f}*SharedItemsImports = 4
	EndGlobalSection
	GlobalSection(SolutionConfigurationPlatforms) = preSolution
		Ad-Hoc|Any CPU = Ad-Hoc|Any CPU
		Ad-Hoc|ARM = Ad-Hoc|ARM
		Ad-Hoc|ARM64 = Ad-Hoc|ARM64
		Ad-Hoc|iPhone = Ad-Hoc|iPhone
		Ad-Hoc|iPhoneSimulator = Ad-Hoc|iPhoneSimulator
		Ad-Hoc|x64 = Ad-Hoc|x64
		Ad-Hoc|x86 = Ad-Hoc|x86
		AppStore|Any CPU = AppStore|Any CPU
		AppStore|ARM = AppStore|ARM
		AppStore|ARM64 = AppStore|ARM64
		AppStore|iPhone = AppStore|iPhone
		AppStore|iPhoneSimulator = AppStore|iPhoneSimulator
		AppStore|x64 = AppStore|x64
		AppStore|x86 = AppStore|x86
		Debug|Any CPU = Debug|Any CPU
		Debug|ARM = Debug|ARM
		Debug|ARM64 = Debug|ARM64
		Debug|iPhone = Debug|iPhone
		Debug|iPhoneSimulator = Debug|iPhoneSimulator
		Debug|x64 = Debug|x64
		Debug|x86 = Debug|x86
		Release|Any CPU = Release|Any CPU
		Release|ARM = Release|ARM
		Release|ARM64 = Release|ARM64
		Release|iPhone = Release|iPhone
		Release|iPhoneSimulator = Release|iPhoneSimulator
		Release|x64 = Release|x64
		Release|x86 = Release|x86
	EndGlobalSection
	GlobalSection(ProjectConfigurationPlatforms) = postSolution
		{FFE76C2A-BE0B-442C-BA2A-C83E48BB468F}.Ad-Hoc|Any CPU.ActiveCfg = Debug|Any CPU
		{FFE76C2A-BE0B-442C-BA2A-C83E48BB468F}.Ad-Hoc|Any CPU.Build.0 = Debug|Any CPU
		{FFE76C2A-BE0B-442C-BA2A-C83E48BB468F}.Ad-Hoc|Any CPU.Deploy.0 = Debug|Any CPU
		{FFE76C2A-BE0B-442C-BA2A-C83E48BB468F}.Ad-Hoc|ARM.ActiveCfg = Debug|Any CPU
		{FFE76C2A-BE0B-442C-BA2A-C83E48BB468F}.Ad-Hoc|ARM.Build.0 = Debug|Any CPU
		{FFE76C2A-BE0B-442C-BA2A-C83E48BB468F}.Ad-Hoc|ARM.Deploy.0 = Debug|Any CPU
		{FFE76C2A-BE0B-442C-BA2A-C83E48BB468F}.Ad-Hoc|ARM64.ActiveCfg = Debug|Any CPU
		{FFE76C2A-BE0B-442C-BA2A-C83E48BB468F}.Ad-Hoc|ARM64.Build.0 = Debug|Any CPU
		{FFE76C2A-BE0B-442C-BA2A-C83E48BB468F}.Ad-Hoc|ARM64.Deploy.0 = Debug|Any CPU
		{FFE76C2A-BE0B-442C-BA2A-C83E48BB468F}.Ad-Hoc|iPhone.ActiveCfg = Debug|Any CPU
		{FFE76C2A-BE0B-442C-BA2A-C83E48BB468F}.Ad-Hoc|iPhone.Build.0 = Debug|Any CPU
		{FFE76C2A-BE0B-442C-BA2A-C83E48BB468F}.Ad-Hoc|iPhone.Deploy.0 = Debug|Any CPU
		{FFE76C2A-BE0B-442C-BA2A-C83E48BB468F}.Ad-Hoc|iPhoneSimulator.ActiveCfg = Debug|Any CPU
		{FFE76C2A-BE0B-442C-BA2A-C83E48BB468F}.Ad-Hoc|iPhoneSimulator.Build.0 = Debug|Any CPU
		{FFE76C2A-BE0B-442C-BA2A-C83E48BB468F}.Ad-Hoc|iPhoneSimulator.Deploy.0 = Debug|Any CPU
		{FFE76C2A-BE0B-442C-BA2A-C83E48BB468F}.Ad-Hoc|x64.ActiveCfg = Debug|Any CPU
		{FFE76C2A-BE0B-442C-BA2A-C83E48BB468F}.Ad-Hoc|x64.Build.0 = Debug|Any CPU
		{FFE76C2A-BE0B-442C-BA2A-C83E48BB468F}.Ad-Hoc|x64.Deploy.0 = Debug|Any CPU
		{FFE76C2A-BE0B-442C-BA2A-C83E48BB468F}.Ad-Hoc|x86.ActiveCfg = Debug|Any CPU
		{FFE76C2A-BE0B-442C-BA2A-C83E48BB468F}.Ad-Hoc|x86.Build.0 = Debug|Any CPU
		{FFE76C2A-BE0B-442C-BA2A-C83E48BB468F}.Ad-Hoc|x86.Deploy.0 = Debug|Any CPU
		{FFE76C2A-BE0B-442C-BA2A-C83E48BB468F}.AppStore|Any CPU.ActiveCfg = Debug|Any CPU
		{FFE76C2A-BE0B-442C-BA2A-C83E48BB468F}.AppStore|Any CPU.Build.0 = Debug|Any CPU
		{FFE76C2A-BE0B-442C-BA2A-C83E48BB468F}.AppStore|Any CPU.Deploy.0 = Debug|Any CPU
		{FFE76C2A-BE0B-442C-BA2A-C83E48BB468F}.AppStore|ARM.ActiveCfg = Debug|Any CPU
		{FFE76C2A-BE0B-442C-BA2A-C83E48BB468F}.AppStore|ARM.Build.0 = Debug|Any CPU
		{FFE76C2A-BE0B-442C-BA2A-C83E48BB468F}.AppStore|ARM.Deploy.0 = Debug|Any CPU
		{FFE76C2A-BE0B-442C-BA2A-C83E48BB468F}.AppStore|ARM64.ActiveCfg = Debug|Any CPU
		{FFE76C2A-BE0B-442C-BA2A-C83E48BB468F}.AppStore|ARM64.Build.0 = Debug|Any CPU
		{FFE76C2A-BE0B-442C-BA2A-C83E48BB468F}.AppStore|ARM64.Deploy.0 = Debug|Any CPU
		{FFE76C2A-BE0B-442C-BA2A-C83E48BB468F}.AppStore|iPhone.ActiveCfg = Debug|Any CPU
		{FFE76C2A-BE0B-442C-BA2A-C83E48BB468F}.AppStore|iPhone.Build.0 = Debug|Any CPU
		{FFE76C2A-BE0B-442C-BA2A-C83E48BB468F}.AppStore|iPhone.Deploy.0 = Debug|Any CPU
		{FFE76C2A-BE0B-442C-BA2A-C83E48BB468F}.AppStore|iPhoneSimulator.ActiveCfg = Debug|Any CPU
		{FFE76C2A-BE0B-442C-BA2A-C83E48BB468F}.AppStore|iPhoneSimulator.Build.0 = Debug|Any CPU
		{FFE76C2A-BE0B-442C-BA2A-C83E48BB468F}.AppStore|iPhoneSimulator.Deploy.0 = Debug|Any CPU
		{FFE76C2A-BE0B-442C-BA2A-C83E48BB468F}.AppStore|x64.ActiveCfg = Debug|Any CPU
		{FFE76C2A-BE0B-442C-BA2A-C83E48BB468F}.AppStore|x64.Build.0 = Debug|Any CPU
		{FFE76C2A-BE0B-442C-BA2A-C83E48BB468F}.AppStore|x64.Deploy.0 = Debug|Any CPU
		{FFE76C2A-BE0B-442C-BA2A-C83E48BB468F}.AppStore|x86.ActiveCfg = Debug|Any CPU
		{FFE76C2A-BE0B-442C-BA2A-C83E48BB468F}.AppStore|x86.Build.0 = Debug|Any CPU
		{FFE76C2A-BE0B-442C-BA2A-C83E48BB468F}.AppStore|x86.Deploy.0 = Debug|Any CPU
		{FFE76C2A-BE0B-442C-BA2A-C83E48BB468F}.Debug|Any CPU.ActiveCfg = Debug|Any CPU
		{FFE76C2A-BE0B-442C-BA2A-C83E48BB468F}.Debug|Any CPU.Build.0 = Debug|Any CPU
		{FFE76C2A-BE0B-442C-BA2A-C83E48BB468F}.Debug|Any CPU.Deploy.0 = Debug|Any CPU
		{FFE76C2A-BE0B-442C-BA2A-C83E48BB468F}.Debug|ARM.ActiveCfg = Debug|Any CPU
		{FFE76C2A-BE0B-442C-BA2A-C83E48BB468F}.Debug|ARM.Build.0 = Debug|Any CPU
		{FFE76C2A-BE0B-442C-BA2A-C83E48BB468F}.Debug|ARM.Deploy.0 = Debug|Any CPU
		{FFE76C2A-BE0B-442C-BA2A-C83E48BB468F}.Debug|ARM64.ActiveCfg = Debug|Any CPU
		{FFE76C2A-BE0B-442C-BA2A-C83E48BB468F}.Debug|ARM64.Build.0 = Debug|Any CPU
		{FFE76C2A-BE0B-442C-BA2A-C83E48BB468F}.Debug|ARM64.Deploy.0 = Debug|Any CPU
		{FFE76C2A-BE0B-442C-BA2A-C83E48BB468F}.Debug|iPhone.ActiveCfg = Debug|Any CPU
		{FFE76C2A-BE0B-442C-BA2A-C83E48BB468F}.Debug|iPhone.Build.0 = Debug|Any CPU
		{FFE76C2A-BE0B-442C-BA2A-C83E48BB468F}.Debug|iPhone.Deploy.0 = Debug|Any CPU
		{FFE76C2A-BE0B-442C-BA2A-C83E48BB468F}.Debug|iPhoneSimulator.ActiveCfg = Debug|Any CPU
		{FFE76C2A-BE0B-442C-BA2A-C83E48BB468F}.Debug|iPhoneSimulator.Build.0 = Debug|Any CPU
		{FFE76C2A-BE0B-442C-BA2A-C83E48BB468F}.Debug|iPhoneSimulator.Deploy.0 = Debug|Any CPU
		{FFE76C2A-BE0B-442C-BA2A-C83E48BB468F}.Debug|x64.ActiveCfg = Debug|Any CPU
		{FFE76C2A-BE0B-442C-BA2A-C83E48BB468F}.Debug|x64.Build.0 = Debug|Any CPU
		{FFE76C2A-BE0B-442C-BA2A-C83E48BB468F}.Debug|x64.Deploy.0 = Debug|Any CPU
		{FFE76C2A-BE0B-442C-BA2A-C83E48BB468F}.Debug|x86.ActiveCfg = Debug|Any CPU
		{FFE76C2A-BE0B-442C-BA2A-C83E48BB468F}.Debug|x86.Build.0 = Debug|Any CPU
		{FFE76C2A-BE0B-442C-BA2A-C83E48BB468F}.Debug|x86.Deploy.0 = Debug|Any CPU
		{FFE76C2A-BE0B-442C-BA2A-C83E48BB468F}.Release|Any CPU.ActiveCfg = Release|Any CPU
		{FFE76C2A-BE0B-442C-BA2A-C83E48BB468F}.Release|Any CPU.Build.0 = Release|Any CPU
		{FFE76C2A-BE0B-442C-BA2A-C83E48BB468F}.Release|Any CPU.Deploy.0 = Release|Any CPU
		{FFE76C2A-BE0B-442C-BA2A-C83E48BB468F}.Release|ARM.ActiveCfg = Release|Any CPU
		{FFE76C2A-BE0B-442C-BA2A-C83E48BB468F}.Release|ARM.Build.0 = Release|Any CPU
		{FFE76C2A-BE0B-442C-BA2A-C83E48BB468F}.Release|ARM.Deploy.0 = Release|Any CPU
		{FFE76C2A-BE0B-442C-BA2A-C83E48BB468F}.Release|ARM64.ActiveCfg = Release|Any CPU
		{FFE76C2A-BE0B-442C-BA2A-C83E48BB468F}.Release|ARM64.Build.0 = Release|Any CPU
		{FFE76C2A-BE0B-442C-BA2A-C83E48BB468F}.Release|ARM64.Deploy.0 = Release|Any CPU
		{FFE76C2A-BE0B-442C-BA2A-C83E48BB468F}.Release|iPhone.ActiveCfg = Release|Any CPU
		{FFE76C2A-BE0B-442C-BA2A-C83E48BB468F}.Release|iPhone.Build.0 = Release|Any CPU
		{FFE76C2A-BE0B-442C-BA2A-C83E48BB468F}.Release|iPhone.Deploy.0 = Release|Any CPU
		{FFE76C2A-BE0B-442C-BA2A-C83E48BB468F}.Release|iPhoneSimulator.ActiveCfg = Release|Any CPU
		{FFE76C2A-BE0B-442C-BA2A-C83E48BB468F}.Release|iPhoneSimulator.Build.0 = Release|Any CPU
		{FFE76C2A-BE0B-442C-BA2A-C83E48BB468F}.Release|iPhoneSimulator.Deploy.0 = Release|Any CPU
		{FFE76C2A-BE0B-442C-BA2A-C83E48BB468F}.Release|x64.ActiveCfg = Release|Any CPU
		{FFE76C2A-BE0B-442C-BA2A-C83E48BB468F}.Release|x64.Build.0 = Release|Any CPU
		{FFE76C2A-BE0B-442C-BA2A-C83E48BB468F}.Release|x64.Deploy.0 = Release|Any CPU
		{FFE76C2A-BE0B-442C-BA2A-C83E48BB468F}.Release|x86.ActiveCfg = Release|Any CPU
		{FFE76C2A-BE0B-442C-BA2A-C83E48BB468F}.Release|x86.Build.0 = Release|Any CPU
		{FFE76C2A-BE0B-442C-BA2A-C83E48BB468F}.Release|x86.Deploy.0 = Release|Any CPU
		{2DAEFBC2-4261-4646-A81D-937D0F24611A}.Ad-Hoc|Any CPU.ActiveCfg = Ad-Hoc|iPhoneSimulator
		{2DAEFBC2-4261-4646-A81D-937D0F24611A}.Ad-Hoc|ARM.ActiveCfg = Ad-Hoc|iPhoneSimulator
		{2DAEFBC2-4261-4646-A81D-937D0F24611A}.Ad-Hoc|ARM64.ActiveCfg = Ad-Hoc|iPhoneSimulator
		{2DAEFBC2-4261-4646-A81D-937D0F24611A}.Ad-Hoc|iPhone.ActiveCfg = Ad-Hoc|iPhone
		{2DAEFBC2-4261-4646-A81D-937D0F24611A}.Ad-Hoc|iPhone.Build.0 = Ad-Hoc|iPhone
		{2DAEFBC2-4261-4646-A81D-937D0F24611A}.Ad-Hoc|iPhoneSimulator.ActiveCfg = Ad-Hoc|iPhoneSimulator
		{2DAEFBC2-4261-4646-A81D-937D0F24611A}.Ad-Hoc|iPhoneSimulator.Build.0 = Ad-Hoc|iPhoneSimulator
		{2DAEFBC2-4261-4646-A81D-937D0F24611A}.Ad-Hoc|x64.ActiveCfg = Ad-Hoc|iPhoneSimulator
		{2DAEFBC2-4261-4646-A81D-937D0F24611A}.Ad-Hoc|x86.ActiveCfg = Ad-Hoc|iPhoneSimulator
		{2DAEFBC2-4261-4646-A81D-937D0F24611A}.AppStore|Any CPU.ActiveCfg = AppStore|iPhoneSimulator
		{2DAEFBC2-4261-4646-A81D-937D0F24611A}.AppStore|ARM.ActiveCfg = AppStore|iPhoneSimulator
		{2DAEFBC2-4261-4646-A81D-937D0F24611A}.AppStore|ARM64.ActiveCfg = AppStore|iPhoneSimulator
		{2DAEFBC2-4261-4646-A81D-937D0F24611A}.AppStore|iPhone.ActiveCfg = AppStore|iPhone
		{2DAEFBC2-4261-4646-A81D-937D0F24611A}.AppStore|iPhone.Build.0 = AppStore|iPhone
		{2DAEFBC2-4261-4646-A81D-937D0F24611A}.AppStore|iPhoneSimulator.ActiveCfg = AppStore|iPhoneSimulator
		{2DAEFBC2-4261-4646-A81D-937D0F24611A}.AppStore|iPhoneSimulator.Build.0 = AppStore|iPhoneSimulator
		{2DAEFBC2-4261-4646-A81D-937D0F24611A}.AppStore|x64.ActiveCfg = AppStore|iPhoneSimulator
		{2DAEFBC2-4261-4646-A81D-937D0F24611A}.AppStore|x86.ActiveCfg = AppStore|iPhoneSimulator
		{2DAEFBC2-4261-4646-A81D-937D0F24611A}.Debug|Any CPU.ActiveCfg = Debug|iPhoneSimulator
		{2DAEFBC2-4261-4646-A81D-937D0F24611A}.Debug|ARM.ActiveCfg = Debug|iPhoneSimulator
		{2DAEFBC2-4261-4646-A81D-937D0F24611A}.Debug|ARM64.ActiveCfg = Debug|iPhoneSimulator
		{2DAEFBC2-4261-4646-A81D-937D0F24611A}.Debug|iPhone.ActiveCfg = Debug|iPhone
		{2DAEFBC2-4261-4646-A81D-937D0F24611A}.Debug|iPhone.Build.0 = Debug|iPhone
		{2DAEFBC2-4261-4646-A81D-937D0F24611A}.Debug|iPhoneSimulator.ActiveCfg = Debug|iPhoneSimulator
		{2DAEFBC2-4261-4646-A81D-937D0F24611A}.Debug|iPhoneSimulator.Build.0 = Debug|iPhoneSimulator
		{2DAEFBC2-4261-4646-A81D-937D0F24611A}.Debug|x64.ActiveCfg = Debug|iPhoneSimulator
		{2DAEFBC2-4261-4646-A81D-937D0F24611A}.Debug|x86.ActiveCfg = Debug|iPhoneSimulator
		{2DAEFBC2-4261-4646-A81D-937D0F24611A}.Release|Any CPU.ActiveCfg = Release|iPhoneSimulator
		{2DAEFBC2-4261-4646-A81D-937D0F24611A}.Release|ARM.ActiveCfg = Release|iPhoneSimulator
		{2DAEFBC2-4261-4646-A81D-937D0F24611A}.Release|ARM64.ActiveCfg = Release|iPhoneSimulator
		{2DAEFBC2-4261-4646-A81D-937D0F24611A}.Release|iPhone.ActiveCfg = Release|iPhone
		{2DAEFBC2-4261-4646-A81D-937D0F24611A}.Release|iPhone.Build.0 = Release|iPhone
		{2DAEFBC2-4261-4646-A81D-937D0F24611A}.Release|iPhoneSimulator.ActiveCfg = Release|iPhoneSimulator
		{2DAEFBC2-4261-4646-A81D-937D0F24611A}.Release|iPhoneSimulator.Build.0 = Release|iPhoneSimulator
		{2DAEFBC2-4261-4646-A81D-937D0F24611A}.Release|x64.ActiveCfg = Release|iPhoneSimulator
		{2DAEFBC2-4261-4646-A81D-937D0F24611A}.Release|x86.ActiveCfg = Release|iPhoneSimulator
		{A10C9F9B-1C84-4F8B-A8A3-86555A5387AE}.Ad-Hoc|Any CPU.ActiveCfg = Debug|x86
		{A10C9F9B-1C84-4F8B-A8A3-86555A5387AE}.Ad-Hoc|Any CPU.Build.0 = Debug|x86
		{A10C9F9B-1C84-4F8B-A8A3-86555A5387AE}.Ad-Hoc|Any CPU.Deploy.0 = Debug|x86
		{A10C9F9B-1C84-4F8B-A8A3-86555A5387AE}.Ad-Hoc|ARM.ActiveCfg = Debug|ARM
		{A10C9F9B-1C84-4F8B-A8A3-86555A5387AE}.Ad-Hoc|ARM.Build.0 = Debug|ARM
		{A10C9F9B-1C84-4F8B-A8A3-86555A5387AE}.Ad-Hoc|ARM.Deploy.0 = Debug|ARM
		{A10C9F9B-1C84-4F8B-A8A3-86555A5387AE}.Ad-Hoc|ARM64.ActiveCfg = Debug|ARM64
		{A10C9F9B-1C84-4F8B-A8A3-86555A5387AE}.Ad-Hoc|ARM64.Build.0 = Debug|ARM64
		{A10C9F9B-1C84-4F8B-A8A3-86555A5387AE}.Ad-Hoc|ARM64.Deploy.0 = Debug|ARM64
		{A10C9F9B-1C84-4F8B-A8A3-86555A5387AE}.Ad-Hoc|iPhone.ActiveCfg = Debug|x86
		{A10C9F9B-1C84-4F8B-A8A3-86555A5387AE}.Ad-Hoc|iPhone.Build.0 = Debug|x86
		{A10C9F9B-1C84-4F8B-A8A3-86555A5387AE}.Ad-Hoc|iPhone.Deploy.0 = Debug|x86
		{A10C9F9B-1C84-4F8B-A8A3-86555A5387AE}.Ad-Hoc|iPhoneSimulator.ActiveCfg = Debug|x86
		{A10C9F9B-1C84-4F8B-A8A3-86555A5387AE}.Ad-Hoc|iPhoneSimulator.Build.0 = Debug|x86
		{A10C9F9B-1C84-4F8B-A8A3-86555A5387AE}.Ad-Hoc|iPhoneSimulator.Deploy.0 = Debug|x86
		{A10C9F9B-1C84-4F8B-A8A3-86555A5387AE}.Ad-Hoc|x64.ActiveCfg = Debug|x64
		{A10C9F9B-1C84-4F8B-A8A3-86555A5387AE}.Ad-Hoc|x64.Build.0 = Debug|x64
		{A10C9F9B-1C84-4F8B-A8A3-86555A5387AE}.Ad-Hoc|x64.Deploy.0 = Debug|x64
		{A10C9F9B-1C84-4F8B-A8A3-86555A5387AE}.Ad-Hoc|x86.ActiveCfg = Debug|x86
		{A10C9F9B-1C84-4F8B-A8A3-86555A5387AE}.Ad-Hoc|x86.Build.0 = Debug|x86
		{A10C9F9B-1C84-4F8B-A8A3-86555A5387AE}.Ad-Hoc|x86.Deploy.0 = Debug|x86
		{A10C9F9B-1C84-4F8B-A8A3-86555A5387AE}.AppStore|Any CPU.ActiveCfg = Debug|x86
		{A10C9F9B-1C84-4F8B-A8A3-86555A5387AE}.AppStore|Any CPU.Build.0 = Debug|x86
		{A10C9F9B-1C84-4F8B-A8A3-86555A5387AE}.AppStore|Any CPU.Deploy.0 = Debug|x86
		{A10C9F9B-1C84-4F8B-A8A3-86555A5387AE}.AppStore|ARM.ActiveCfg = Debug|ARM
		{A10C9F9B-1C84-4F8B-A8A3-86555A5387AE}.AppStore|ARM.Build.0 = Debug|ARM
		{A10C9F9B-1C84-4F8B-A8A3-86555A5387AE}.AppStore|ARM.Deploy.0 = Debug|ARM
		{A10C9F9B-1C84-4F8B-A8A3-86555A5387AE}.AppStore|ARM64.ActiveCfg = Debug|ARM64
		{A10C9F9B-1C84-4F8B-A8A3-86555A5387AE}.AppStore|ARM64.Build.0 = Debug|ARM64
		{A10C9F9B-1C84-4F8B-A8A3-86555A5387AE}.AppStore|ARM64.Deploy.0 = Debug|ARM64
		{A10C9F9B-1C84-4F8B-A8A3-86555A5387AE}.AppStore|iPhone.ActiveCfg = Debug|x86
		{A10C9F9B-1C84-4F8B-A8A3-86555A5387AE}.AppStore|iPhone.Build.0 = Debug|x86
		{A10C9F9B-1C84-4F8B-A8A3-86555A5387AE}.AppStore|iPhone.Deploy.0 = Debug|x86
		{A10C9F9B-1C84-4F8B-A8A3-86555A5387AE}.AppStore|iPhoneSimulator.ActiveCfg = Debug|x86
		{A10C9F9B-1C84-4F8B-A8A3-86555A5387AE}.AppStore|iPhoneSimulator.Build.0 = Debug|x86
		{A10C9F9B-1C84-4F8B-A8A3-86555A5387AE}.AppStore|iPhoneSimulator.Deploy.0 = Debug|x86
		{A10C9F9B-1C84-4F8B-A8A3-86555A5387AE}.AppStore|x64.ActiveCfg = Debug|x64
		{A10C9F9B-1C84-4F8B-A8A3-86555A5387AE}.AppStore|x64.Build.0 = Debug|x64
		{A10C9F9B-1C84-4F8B-A8A3-86555A5387AE}.AppStore|x64.Deploy.0 = Debug|x64
		{A10C9F9B-1C84-4F8B-A8A3-86555A5387AE}.AppStore|x86.ActiveCfg = Debug|x86
		{A10C9F9B-1C84-4F8B-A8A3-86555A5387AE}.AppStore|x86.Build.0 = Debug|x86
		{A10C9F9B-1C84-4F8B-A8A3-86555A5387AE}.AppStore|x86.Deploy.0 = Debug|x86
		{A10C9F9B-1C84-4F8B-A8A3-86555A5387AE}.Debug|Any CPU.ActiveCfg = Debug|x86
		{A10C9F9B-1C84-4F8B-A8A3-86555A5387AE}.Debug|Any CPU.Build.0 = Debug|x86
		{A10C9F9B-1C84-4F8B-A8A3-86555A5387AE}.Debug|Any CPU.Deploy.0 = Debug|x86
		{A10C9F9B-1C84-4F8B-A8A3-86555A5387AE}.Debug|ARM.ActiveCfg = Debug|ARM
		{A10C9F9B-1C84-4F8B-A8A3-86555A5387AE}.Debug|ARM.Build.0 = Debug|ARM
		{A10C9F9B-1C84-4F8B-A8A3-86555A5387AE}.Debug|ARM.Deploy.0 = Debug|ARM
		{A10C9F9B-1C84-4F8B-A8A3-86555A5387AE}.Debug|ARM64.ActiveCfg = Debug|ARM64
		{A10C9F9B-1C84-4F8B-A8A3-86555A5387AE}.Debug|ARM64.Build.0 = Debug|ARM64
		{A10C9F9B-1C84-4F8B-A8A3-86555A5387AE}.Debug|ARM64.Deploy.0 = Debug|ARM64
		{A10C9F9B-1C84-4F8B-A8A3-86555A5387AE}.Debug|iPhone.ActiveCfg = Debug|x86
		{A10C9F9B-1C84-4F8B-A8A3-86555A5387AE}.Debug|iPhoneSimulator.ActiveCfg = Debug|x86
		{A10C9F9B-1C84-4F8B-A8A3-86555A5387AE}.Debug|x64.ActiveCfg = Debug|x64
		{A10C9F9B-1C84-4F8B-A8A3-86555A5387AE}.Debug|x64.Build.0 = Debug|x64
		{A10C9F9B-1C84-4F8B-A8A3-86555A5387AE}.Debug|x64.Deploy.0 = Debug|x64
		{A10C9F9B-1C84-4F8B-A8A3-86555A5387AE}.Debug|x86.ActiveCfg = Debug|x86
		{A10C9F9B-1C84-4F8B-A8A3-86555A5387AE}.Debug|x86.Build.0 = Debug|x86
		{A10C9F9B-1C84-4F8B-A8A3-86555A5387AE}.Debug|x86.Deploy.0 = Debug|x86
		{A10C9F9B-1C84-4F8B-A8A3-86555A5387AE}.Release|Any CPU.ActiveCfg = Release|x86
		{A10C9F9B-1C84-4F8B-A8A3-86555A5387AE}.Release|ARM.ActiveCfg = Release|ARM
		{A10C9F9B-1C84-4F8B-A8A3-86555A5387AE}.Release|ARM.Build.0 = Release|ARM
		{A10C9F9B-1C84-4F8B-A8A3-86555A5387AE}.Release|ARM.Deploy.0 = Release|ARM
		{A10C9F9B-1C84-4F8B-A8A3-86555A5387AE}.Release|ARM64.ActiveCfg = Release|ARM64
		{A10C9F9B-1C84-4F8B-A8A3-86555A5387AE}.Release|ARM64.Build.0 = Release|ARM64
		{A10C9F9B-1C84-4F8B-A8A3-86555A5387AE}.Release|ARM64.Deploy.0 = Release|ARM64
		{A10C9F9B-1C84-4F8B-A8A3-86555A5387AE}.Release|iPhone.ActiveCfg = Release|x86
		{A10C9F9B-1C84-4F8B-A8A3-86555A5387AE}.Release|iPhoneSimulator.ActiveCfg = Release|x86
		{A10C9F9B-1C84-4F8B-A8A3-86555A5387AE}.Release|x64.ActiveCfg = Release|x64
		{A10C9F9B-1C84-4F8B-A8A3-86555A5387AE}.Release|x64.Build.0 = Release|x64
		{A10C9F9B-1C84-4F8B-A8A3-86555A5387AE}.Release|x64.Deploy.0 = Release|x64
		{A10C9F9B-1C84-4F8B-A8A3-86555A5387AE}.Release|x86.ActiveCfg = Release|x86
		{A10C9F9B-1C84-4F8B-A8A3-86555A5387AE}.Release|x86.Build.0 = Release|x86
		{A10C9F9B-1C84-4F8B-A8A3-86555A5387AE}.Release|x86.Deploy.0 = Release|x86
		{CCF79827-7056-4162-B9C7-51C112C96A27}.Ad-Hoc|Any CPU.ActiveCfg = Debug|Any CPU
		{CCF79827-7056-4162-B9C7-51C112C96A27}.Ad-Hoc|Any CPU.Build.0 = Debug|Any CPU
		{CCF79827-7056-4162-B9C7-51C112C96A27}.Ad-Hoc|ARM.ActiveCfg = Debug|Any CPU
		{CCF79827-7056-4162-B9C7-51C112C96A27}.Ad-Hoc|ARM.Build.0 = Debug|Any CPU
		{CCF79827-7056-4162-B9C7-51C112C96A27}.Ad-Hoc|ARM64.ActiveCfg = Debug|Any CPU
		{CCF79827-7056-4162-B9C7-51C112C96A27}.Ad-Hoc|ARM64.Build.0 = Debug|Any CPU
		{CCF79827-7056-4162-B9C7-51C112C96A27}.Ad-Hoc|iPhone.ActiveCfg = Debug|Any CPU
		{CCF79827-7056-4162-B9C7-51C112C96A27}.Ad-Hoc|iPhone.Build.0 = Debug|Any CPU
		{CCF79827-7056-4162-B9C7-51C112C96A27}.Ad-Hoc|iPhoneSimulator.ActiveCfg = Debug|Any CPU
		{CCF79827-7056-4162-B9C7-51C112C96A27}.Ad-Hoc|iPhoneSimulator.Build.0 = Debug|Any CPU
		{CCF79827-7056-4162-B9C7-51C112C96A27}.Ad-Hoc|x64.ActiveCfg = Debug|Any CPU
		{CCF79827-7056-4162-B9C7-51C112C96A27}.Ad-Hoc|x64.Build.0 = Debug|Any CPU
		{CCF79827-7056-4162-B9C7-51C112C96A27}.Ad-Hoc|x86.ActiveCfg = Debug|Any CPU
		{CCF79827-7056-4162-B9C7-51C112C96A27}.Ad-Hoc|x86.Build.0 = Debug|Any CPU
		{CCF79827-7056-4162-B9C7-51C112C96A27}.AppStore|Any CPU.ActiveCfg = Debug|Any CPU
		{CCF79827-7056-4162-B9C7-51C112C96A27}.AppStore|Any CPU.Build.0 = Debug|Any CPU
		{CCF79827-7056-4162-B9C7-51C112C96A27}.AppStore|ARM.ActiveCfg = Debug|Any CPU
		{CCF79827-7056-4162-B9C7-51C112C96A27}.AppStore|ARM.Build.0 = Debug|Any CPU
		{CCF79827-7056-4162-B9C7-51C112C96A27}.AppStore|ARM64.ActiveCfg = Debug|Any CPU
		{CCF79827-7056-4162-B9C7-51C112C96A27}.AppStore|ARM64.Build.0 = Debug|Any CPU
		{CCF79827-7056-4162-B9C7-51C112C96A27}.AppStore|iPhone.ActiveCfg = Debug|Any CPU
		{CCF79827-7056-4162-B9C7-51C112C96A27}.AppStore|iPhone.Build.0 = Debug|Any CPU
		{CCF79827-7056-4162-B9C7-51C112C96A27}.AppStore|iPhoneSimulator.ActiveCfg = Debug|Any CPU
		{CCF79827-7056-4162-B9C7-51C112C96A27}.AppStore|iPhoneSimulator.Build.0 = Debug|Any CPU
		{CCF79827-7056-4162-B9C7-51C112C96A27}.AppStore|x64.ActiveCfg = Debug|Any CPU
		{CCF79827-7056-4162-B9C7-51C112C96A27}.AppStore|x64.Build.0 = Debug|Any CPU
		{CCF79827-7056-4162-B9C7-51C112C96A27}.AppStore|x86.ActiveCfg = Debug|Any CPU
		{CCF79827-7056-4162-B9C7-51C112C96A27}.AppStore|x86.Build.0 = Debug|Any CPU
		{CCF79827-7056-4162-B9C7-51C112C96A27}.Debug|Any CPU.ActiveCfg = Debug|Any CPU
		{CCF79827-7056-4162-B9C7-51C112C96A27}.Debug|Any CPU.Build.0 = Debug|Any CPU
		{CCF79827-7056-4162-B9C7-51C112C96A27}.Debug|ARM.ActiveCfg = Debug|Any CPU
		{CCF79827-7056-4162-B9C7-51C112C96A27}.Debug|ARM.Build.0 = Debug|Any CPU
		{CCF79827-7056-4162-B9C7-51C112C96A27}.Debug|ARM64.ActiveCfg = Debug|Any CPU
		{CCF79827-7056-4162-B9C7-51C112C96A27}.Debug|ARM64.Build.0 = Debug|Any CPU
		{CCF79827-7056-4162-B9C7-51C112C96A27}.Debug|iPhone.ActiveCfg = Debug|Any CPU
		{CCF79827-7056-4162-B9C7-51C112C96A27}.Debug|iPhone.Build.0 = Debug|Any CPU
		{CCF79827-7056-4162-B9C7-51C112C96A27}.Debug|iPhoneSimulator.ActiveCfg = Debug|Any CPU
		{CCF79827-7056-4162-B9C7-51C112C96A27}.Debug|iPhoneSimulator.Build.0 = Debug|Any CPU
		{CCF79827-7056-4162-B9C7-51C112C96A27}.Debug|x64.ActiveCfg = Debug|Any CPU
		{CCF79827-7056-4162-B9C7-51C112C96A27}.Debug|x64.Build.0 = Debug|Any CPU
		{CCF79827-7056-4162-B9C7-51C112C96A27}.Debug|x86.ActiveCfg = Debug|Any CPU
		{CCF79827-7056-4162-B9C7-51C112C96A27}.Debug|x86.Build.0 = Debug|Any CPU
		{CCF79827-7056-4162-B9C7-51C112C96A27}.Release|Any CPU.ActiveCfg = Release|Any CPU
		{CCF79827-7056-4162-B9C7-51C112C96A27}.Release|Any CPU.Build.0 = Release|Any CPU
		{CCF79827-7056-4162-B9C7-51C112C96A27}.Release|ARM.ActiveCfg = Release|Any CPU
		{CCF79827-7056-4162-B9C7-51C112C96A27}.Release|ARM.Build.0 = Release|Any CPU
		{CCF79827-7056-4162-B9C7-51C112C96A27}.Release|ARM64.ActiveCfg = Release|Any CPU
		{CCF79827-7056-4162-B9C7-51C112C96A27}.Release|ARM64.Build.0 = Release|Any CPU
		{CCF79827-7056-4162-B9C7-51C112C96A27}.Release|iPhone.ActiveCfg = Release|Any CPU
		{CCF79827-7056-4162-B9C7-51C112C96A27}.Release|iPhone.Build.0 = Release|Any CPU
		{CCF79827-7056-4162-B9C7-51C112C96A27}.Release|iPhoneSimulator.ActiveCfg = Release|Any CPU
		{CCF79827-7056-4162-B9C7-51C112C96A27}.Release|iPhoneSimulator.Build.0 = Release|Any CPU
		{CCF79827-7056-4162-B9C7-51C112C96A27}.Release|x64.ActiveCfg = Release|Any CPU
		{CCF79827-7056-4162-B9C7-51C112C96A27}.Release|x64.Build.0 = Release|Any CPU
		{CCF79827-7056-4162-B9C7-51C112C96A27}.Release|x86.ActiveCfg = Release|Any CPU
		{CCF79827-7056-4162-B9C7-51C112C96A27}.Release|x86.Build.0 = Release|Any CPU
		{B82D0E1E-81DD-4038-936C-CA31695F0E6C}.Ad-Hoc|Any CPU.ActiveCfg = Debug|iPhoneSimulator
		{B82D0E1E-81DD-4038-936C-CA31695F0E6C}.Ad-Hoc|Any CPU.Build.0 = Debug|iPhoneSimulator
		{B82D0E1E-81DD-4038-936C-CA31695F0E6C}.Ad-Hoc|ARM.ActiveCfg = Debug|iPhoneSimulator
		{B82D0E1E-81DD-4038-936C-CA31695F0E6C}.Ad-Hoc|ARM.Build.0 = Debug|iPhoneSimulator
		{B82D0E1E-81DD-4038-936C-CA31695F0E6C}.Ad-Hoc|ARM64.ActiveCfg = Debug|iPhoneSimulator
		{B82D0E1E-81DD-4038-936C-CA31695F0E6C}.Ad-Hoc|ARM64.Build.0 = Debug|iPhoneSimulator
		{B82D0E1E-81DD-4038-936C-CA31695F0E6C}.Ad-Hoc|iPhone.ActiveCfg = Debug|iPhoneSimulator
		{B82D0E1E-81DD-4038-936C-CA31695F0E6C}.Ad-Hoc|iPhone.Build.0 = Debug|iPhoneSimulator
		{B82D0E1E-81DD-4038-936C-CA31695F0E6C}.Ad-Hoc|iPhoneSimulator.ActiveCfg = Debug|iPhoneSimulator
		{B82D0E1E-81DD-4038-936C-CA31695F0E6C}.Ad-Hoc|iPhoneSimulator.Build.0 = Debug|iPhoneSimulator
		{B82D0E1E-81DD-4038-936C-CA31695F0E6C}.Ad-Hoc|x64.ActiveCfg = Debug|iPhoneSimulator
		{B82D0E1E-81DD-4038-936C-CA31695F0E6C}.Ad-Hoc|x64.Build.0 = Debug|iPhoneSimulator
		{B82D0E1E-81DD-4038-936C-CA31695F0E6C}.Ad-Hoc|x86.ActiveCfg = Debug|iPhoneSimulator
		{B82D0E1E-81DD-4038-936C-CA31695F0E6C}.Ad-Hoc|x86.Build.0 = Debug|iPhoneSimulator
		{B82D0E1E-81DD-4038-936C-CA31695F0E6C}.AppStore|Any CPU.ActiveCfg = Debug|iPhoneSimulator
		{B82D0E1E-81DD-4038-936C-CA31695F0E6C}.AppStore|Any CPU.Build.0 = Debug|iPhoneSimulator
		{B82D0E1E-81DD-4038-936C-CA31695F0E6C}.AppStore|ARM.ActiveCfg = Debug|iPhoneSimulator
		{B82D0E1E-81DD-4038-936C-CA31695F0E6C}.AppStore|ARM.Build.0 = Debug|iPhoneSimulator
		{B82D0E1E-81DD-4038-936C-CA31695F0E6C}.AppStore|ARM64.ActiveCfg = Debug|iPhoneSimulator
		{B82D0E1E-81DD-4038-936C-CA31695F0E6C}.AppStore|ARM64.Build.0 = Debug|iPhoneSimulator
		{B82D0E1E-81DD-4038-936C-CA31695F0E6C}.AppStore|iPhone.ActiveCfg = Debug|iPhoneSimulator
		{B82D0E1E-81DD-4038-936C-CA31695F0E6C}.AppStore|iPhone.Build.0 = Debug|iPhoneSimulator
		{B82D0E1E-81DD-4038-936C-CA31695F0E6C}.AppStore|iPhoneSimulator.ActiveCfg = Debug|iPhoneSimulator
		{B82D0E1E-81DD-4038-936C-CA31695F0E6C}.AppStore|iPhoneSimulator.Build.0 = Debug|iPhoneSimulator
		{B82D0E1E-81DD-4038-936C-CA31695F0E6C}.AppStore|x64.ActiveCfg = Debug|iPhoneSimulator
		{B82D0E1E-81DD-4038-936C-CA31695F0E6C}.AppStore|x64.Build.0 = Debug|iPhoneSimulator
		{B82D0E1E-81DD-4038-936C-CA31695F0E6C}.AppStore|x86.ActiveCfg = Debug|iPhoneSimulator
		{B82D0E1E-81DD-4038-936C-CA31695F0E6C}.AppStore|x86.Build.0 = Debug|iPhoneSimulator
		{B82D0E1E-81DD-4038-936C-CA31695F0E6C}.Debug|Any CPU.ActiveCfg = Debug|iPhoneSimulator
		{B82D0E1E-81DD-4038-936C-CA31695F0E6C}.Debug|ARM.ActiveCfg = Debug|iPhoneSimulator
		{B82D0E1E-81DD-4038-936C-CA31695F0E6C}.Debug|ARM64.ActiveCfg = Debug|iPhoneSimulator
		{B82D0E1E-81DD-4038-936C-CA31695F0E6C}.Debug|iPhone.ActiveCfg = Debug|iPhoneSimulator
		{B82D0E1E-81DD-4038-936C-CA31695F0E6C}.Debug|iPhoneSimulator.ActiveCfg = Debug|iPhoneSimulator
		{B82D0E1E-81DD-4038-936C-CA31695F0E6C}.Debug|iPhoneSimulator.Build.0 = Debug|iPhoneSimulator
		{B82D0E1E-81DD-4038-936C-CA31695F0E6C}.Debug|x64.ActiveCfg = Debug|iPhoneSimulator
		{B82D0E1E-81DD-4038-936C-CA31695F0E6C}.Debug|x86.ActiveCfg = Debug|iPhoneSimulator
		{B82D0E1E-81DD-4038-936C-CA31695F0E6C}.Release|Any CPU.ActiveCfg = Release|iPhoneSimulator
		{B82D0E1E-81DD-4038-936C-CA31695F0E6C}.Release|ARM.ActiveCfg = Release|iPhoneSimulator
		{B82D0E1E-81DD-4038-936C-CA31695F0E6C}.Release|ARM64.ActiveCfg = Release|iPhoneSimulator
		{B82D0E1E-81DD-4038-936C-CA31695F0E6C}.Release|iPhone.ActiveCfg = Release|iPhoneSimulator
		{B82D0E1E-81DD-4038-936C-CA31695F0E6C}.Release|iPhoneSimulator.ActiveCfg = Release|iPhoneSimulator
		{B82D0E1E-81DD-4038-936C-CA31695F0E6C}.Release|iPhoneSimulator.Build.0 = Release|iPhoneSimulator
		{B82D0E1E-81DD-4038-936C-CA31695F0E6C}.Release|x64.ActiveCfg = Release|iPhoneSimulator
		{B82D0E1E-81DD-4038-936C-CA31695F0E6C}.Release|x86.ActiveCfg = Release|iPhoneSimulator
		{2065FA7E-07F6-4698-BDF4-51EB1D56FDA0}.Ad-Hoc|Any CPU.ActiveCfg = Debug|Any CPU
		{2065FA7E-07F6-4698-BDF4-51EB1D56FDA0}.Ad-Hoc|Any CPU.Build.0 = Debug|Any CPU
		{2065FA7E-07F6-4698-BDF4-51EB1D56FDA0}.Ad-Hoc|ARM.ActiveCfg = Debug|Any CPU
		{2065FA7E-07F6-4698-BDF4-51EB1D56FDA0}.Ad-Hoc|ARM.Build.0 = Debug|Any CPU
		{2065FA7E-07F6-4698-BDF4-51EB1D56FDA0}.Ad-Hoc|ARM64.ActiveCfg = Debug|Any CPU
		{2065FA7E-07F6-4698-BDF4-51EB1D56FDA0}.Ad-Hoc|ARM64.Build.0 = Debug|Any CPU
		{2065FA7E-07F6-4698-BDF4-51EB1D56FDA0}.Ad-Hoc|iPhone.ActiveCfg = Debug|Any CPU
		{2065FA7E-07F6-4698-BDF4-51EB1D56FDA0}.Ad-Hoc|iPhone.Build.0 = Debug|Any CPU
		{2065FA7E-07F6-4698-BDF4-51EB1D56FDA0}.Ad-Hoc|iPhoneSimulator.ActiveCfg = Debug|Any CPU
		{2065FA7E-07F6-4698-BDF4-51EB1D56FDA0}.Ad-Hoc|iPhoneSimulator.Build.0 = Debug|Any CPU
		{2065FA7E-07F6-4698-BDF4-51EB1D56FDA0}.Ad-Hoc|x64.ActiveCfg = Debug|Any CPU
		{2065FA7E-07F6-4698-BDF4-51EB1D56FDA0}.Ad-Hoc|x64.Build.0 = Debug|Any CPU
		{2065FA7E-07F6-4698-BDF4-51EB1D56FDA0}.Ad-Hoc|x86.ActiveCfg = Debug|Any CPU
		{2065FA7E-07F6-4698-BDF4-51EB1D56FDA0}.Ad-Hoc|x86.Build.0 = Debug|Any CPU
		{2065FA7E-07F6-4698-BDF4-51EB1D56FDA0}.AppStore|Any CPU.ActiveCfg = Debug|Any CPU
		{2065FA7E-07F6-4698-BDF4-51EB1D56FDA0}.AppStore|Any CPU.Build.0 = Debug|Any CPU
		{2065FA7E-07F6-4698-BDF4-51EB1D56FDA0}.AppStore|ARM.ActiveCfg = Debug|Any CPU
		{2065FA7E-07F6-4698-BDF4-51EB1D56FDA0}.AppStore|ARM.Build.0 = Debug|Any CPU
		{2065FA7E-07F6-4698-BDF4-51EB1D56FDA0}.AppStore|ARM64.ActiveCfg = Debug|Any CPU
		{2065FA7E-07F6-4698-BDF4-51EB1D56FDA0}.AppStore|ARM64.Build.0 = Debug|Any CPU
		{2065FA7E-07F6-4698-BDF4-51EB1D56FDA0}.AppStore|iPhone.ActiveCfg = Debug|Any CPU
		{2065FA7E-07F6-4698-BDF4-51EB1D56FDA0}.AppStore|iPhone.Build.0 = Debug|Any CPU
		{2065FA7E-07F6-4698-BDF4-51EB1D56FDA0}.AppStore|iPhoneSimulator.ActiveCfg = Debug|Any CPU
		{2065FA7E-07F6-4698-BDF4-51EB1D56FDA0}.AppStore|iPhoneSimulator.Build.0 = Debug|Any CPU
		{2065FA7E-07F6-4698-BDF4-51EB1D56FDA0}.AppStore|x64.ActiveCfg = Debug|Any CPU
		{2065FA7E-07F6-4698-BDF4-51EB1D56FDA0}.AppStore|x64.Build.0 = Debug|Any CPU
		{2065FA7E-07F6-4698-BDF4-51EB1D56FDA0}.AppStore|x86.ActiveCfg = Debug|Any CPU
		{2065FA7E-07F6-4698-BDF4-51EB1D56FDA0}.AppStore|x86.Build.0 = Debug|Any CPU
		{2065FA7E-07F6-4698-BDF4-51EB1D56FDA0}.Debug|Any CPU.ActiveCfg = Debug|Any CPU
		{2065FA7E-07F6-4698-BDF4-51EB1D56FDA0}.Debug|Any CPU.Build.0 = Debug|Any CPU
		{2065FA7E-07F6-4698-BDF4-51EB1D56FDA0}.Debug|ARM.ActiveCfg = Debug|Any CPU
		{2065FA7E-07F6-4698-BDF4-51EB1D56FDA0}.Debug|ARM.Build.0 = Debug|Any CPU
		{2065FA7E-07F6-4698-BDF4-51EB1D56FDA0}.Debug|ARM64.ActiveCfg = Debug|Any CPU
		{2065FA7E-07F6-4698-BDF4-51EB1D56FDA0}.Debug|ARM64.Build.0 = Debug|Any CPU
		{2065FA7E-07F6-4698-BDF4-51EB1D56FDA0}.Debug|iPhone.ActiveCfg = Debug|Any CPU
		{2065FA7E-07F6-4698-BDF4-51EB1D56FDA0}.Debug|iPhone.Build.0 = Debug|Any CPU
		{2065FA7E-07F6-4698-BDF4-51EB1D56FDA0}.Debug|iPhoneSimulator.ActiveCfg = Debug|Any CPU
		{2065FA7E-07F6-4698-BDF4-51EB1D56FDA0}.Debug|iPhoneSimulator.Build.0 = Debug|Any CPU
		{2065FA7E-07F6-4698-BDF4-51EB1D56FDA0}.Debug|x64.ActiveCfg = Debug|Any CPU
		{2065FA7E-07F6-4698-BDF4-51EB1D56FDA0}.Debug|x64.Build.0 = Debug|Any CPU
		{2065FA7E-07F6-4698-BDF4-51EB1D56FDA0}.Debug|x86.ActiveCfg = Debug|Any CPU
		{2065FA7E-07F6-4698-BDF4-51EB1D56FDA0}.Debug|x86.Build.0 = Debug|Any CPU
		{2065FA7E-07F6-4698-BDF4-51EB1D56FDA0}.Release|Any CPU.ActiveCfg = Release|Any CPU
		{2065FA7E-07F6-4698-BDF4-51EB1D56FDA0}.Release|Any CPU.Build.0 = Release|Any CPU
		{2065FA7E-07F6-4698-BDF4-51EB1D56FDA0}.Release|ARM.ActiveCfg = Release|Any CPU
		{2065FA7E-07F6-4698-BDF4-51EB1D56FDA0}.Release|ARM.Build.0 = Release|Any CPU
		{2065FA7E-07F6-4698-BDF4-51EB1D56FDA0}.Release|ARM64.ActiveCfg = Release|Any CPU
		{2065FA7E-07F6-4698-BDF4-51EB1D56FDA0}.Release|ARM64.Build.0 = Release|Any CPU
		{2065FA7E-07F6-4698-BDF4-51EB1D56FDA0}.Release|iPhone.ActiveCfg = Release|Any CPU
		{2065FA7E-07F6-4698-BDF4-51EB1D56FDA0}.Release|iPhone.Build.0 = Release|Any CPU
		{2065FA7E-07F6-4698-BDF4-51EB1D56FDA0}.Release|iPhoneSimulator.ActiveCfg = Release|Any CPU
		{2065FA7E-07F6-4698-BDF4-51EB1D56FDA0}.Release|iPhoneSimulator.Build.0 = Release|Any CPU
		{2065FA7E-07F6-4698-BDF4-51EB1D56FDA0}.Release|x64.ActiveCfg = Release|Any CPU
		{2065FA7E-07F6-4698-BDF4-51EB1D56FDA0}.Release|x64.Build.0 = Release|Any CPU
		{2065FA7E-07F6-4698-BDF4-51EB1D56FDA0}.Release|x86.ActiveCfg = Release|Any CPU
		{2065FA7E-07F6-4698-BDF4-51EB1D56FDA0}.Release|x86.Build.0 = Release|Any CPU
		{3AA41FEA-E3E9-4884-8EFD-5C35F9080C16}.Ad-Hoc|Any CPU.ActiveCfg = Debug|Any CPU
		{3AA41FEA-E3E9-4884-8EFD-5C35F9080C16}.Ad-Hoc|Any CPU.Build.0 = Debug|Any CPU
		{3AA41FEA-E3E9-4884-8EFD-5C35F9080C16}.Ad-Hoc|ARM.ActiveCfg = Debug|Any CPU
		{3AA41FEA-E3E9-4884-8EFD-5C35F9080C16}.Ad-Hoc|ARM.Build.0 = Debug|Any CPU
		{3AA41FEA-E3E9-4884-8EFD-5C35F9080C16}.Ad-Hoc|ARM64.ActiveCfg = Debug|Any CPU
		{3AA41FEA-E3E9-4884-8EFD-5C35F9080C16}.Ad-Hoc|ARM64.Build.0 = Debug|Any CPU
		{3AA41FEA-E3E9-4884-8EFD-5C35F9080C16}.Ad-Hoc|iPhone.ActiveCfg = Debug|Any CPU
		{3AA41FEA-E3E9-4884-8EFD-5C35F9080C16}.Ad-Hoc|iPhone.Build.0 = Debug|Any CPU
		{3AA41FEA-E3E9-4884-8EFD-5C35F9080C16}.Ad-Hoc|iPhoneSimulator.ActiveCfg = Debug|Any CPU
		{3AA41FEA-E3E9-4884-8EFD-5C35F9080C16}.Ad-Hoc|iPhoneSimulator.Build.0 = Debug|Any CPU
		{3AA41FEA-E3E9-4884-8EFD-5C35F9080C16}.Ad-Hoc|x64.ActiveCfg = Debug|Any CPU
		{3AA41FEA-E3E9-4884-8EFD-5C35F9080C16}.Ad-Hoc|x64.Build.0 = Debug|Any CPU
		{3AA41FEA-E3E9-4884-8EFD-5C35F9080C16}.Ad-Hoc|x86.ActiveCfg = Debug|Any CPU
		{3AA41FEA-E3E9-4884-8EFD-5C35F9080C16}.Ad-Hoc|x86.Build.0 = Debug|Any CPU
		{3AA41FEA-E3E9-4884-8EFD-5C35F9080C16}.AppStore|Any CPU.ActiveCfg = Debug|Any CPU
		{3AA41FEA-E3E9-4884-8EFD-5C35F9080C16}.AppStore|Any CPU.Build.0 = Debug|Any CPU
		{3AA41FEA-E3E9-4884-8EFD-5C35F9080C16}.AppStore|ARM.ActiveCfg = Debug|Any CPU
		{3AA41FEA-E3E9-4884-8EFD-5C35F9080C16}.AppStore|ARM.Build.0 = Debug|Any CPU
		{3AA41FEA-E3E9-4884-8EFD-5C35F9080C16}.AppStore|ARM64.ActiveCfg = Debug|Any CPU
		{3AA41FEA-E3E9-4884-8EFD-5C35F9080C16}.AppStore|ARM64.Build.0 = Debug|Any CPU
		{3AA41FEA-E3E9-4884-8EFD-5C35F9080C16}.AppStore|iPhone.ActiveCfg = Debug|Any CPU
		{3AA41FEA-E3E9-4884-8EFD-5C35F9080C16}.AppStore|iPhone.Build.0 = Debug|Any CPU
		{3AA41FEA-E3E9-4884-8EFD-5C35F9080C16}.AppStore|iPhoneSimulator.ActiveCfg = Debug|Any CPU
		{3AA41FEA-E3E9-4884-8EFD-5C35F9080C16}.AppStore|iPhoneSimulator.Build.0 = Debug|Any CPU
		{3AA41FEA-E3E9-4884-8EFD-5C35F9080C16}.AppStore|x64.ActiveCfg = Debug|Any CPU
		{3AA41FEA-E3E9-4884-8EFD-5C35F9080C16}.AppStore|x64.Build.0 = Debug|Any CPU
		{3AA41FEA-E3E9-4884-8EFD-5C35F9080C16}.AppStore|x86.ActiveCfg = Debug|Any CPU
		{3AA41FEA-E3E9-4884-8EFD-5C35F9080C16}.AppStore|x86.Build.0 = Debug|Any CPU
		{3AA41FEA-E3E9-4884-8EFD-5C35F9080C16}.Debug|Any CPU.ActiveCfg = Debug|Any CPU
		{3AA41FEA-E3E9-4884-8EFD-5C35F9080C16}.Debug|Any CPU.Build.0 = Debug|Any CPU
		{3AA41FEA-E3E9-4884-8EFD-5C35F9080C16}.Debug|ARM.ActiveCfg = Debug|Any CPU
		{3AA41FEA-E3E9-4884-8EFD-5C35F9080C16}.Debug|ARM.Build.0 = Debug|Any CPU
		{3AA41FEA-E3E9-4884-8EFD-5C35F9080C16}.Debug|ARM64.ActiveCfg = Debug|Any CPU
		{3AA41FEA-E3E9-4884-8EFD-5C35F9080C16}.Debug|ARM64.Build.0 = Debug|Any CPU
		{3AA41FEA-E3E9-4884-8EFD-5C35F9080C16}.Debug|iPhone.ActiveCfg = Debug|Any CPU
		{3AA41FEA-E3E9-4884-8EFD-5C35F9080C16}.Debug|iPhone.Build.0 = Debug|Any CPU
		{3AA41FEA-E3E9-4884-8EFD-5C35F9080C16}.Debug|iPhoneSimulator.ActiveCfg = Debug|Any CPU
		{3AA41FEA-E3E9-4884-8EFD-5C35F9080C16}.Debug|iPhoneSimulator.Build.0 = Debug|Any CPU
		{3AA41FEA-E3E9-4884-8EFD-5C35F9080C16}.Debug|x64.ActiveCfg = Debug|Any CPU
		{3AA41FEA-E3E9-4884-8EFD-5C35F9080C16}.Debug|x64.Build.0 = Debug|Any CPU
		{3AA41FEA-E3E9-4884-8EFD-5C35F9080C16}.Debug|x86.ActiveCfg = Debug|Any CPU
		{3AA41FEA-E3E9-4884-8EFD-5C35F9080C16}.Debug|x86.Build.0 = Debug|Any CPU
		{3AA41FEA-E3E9-4884-8EFD-5C35F9080C16}.Release|Any CPU.ActiveCfg = Release|Any CPU
		{3AA41FEA-E3E9-4884-8EFD-5C35F9080C16}.Release|Any CPU.Build.0 = Release|Any CPU
		{3AA41FEA-E3E9-4884-8EFD-5C35F9080C16}.Release|ARM.ActiveCfg = Release|Any CPU
		{3AA41FEA-E3E9-4884-8EFD-5C35F9080C16}.Release|ARM.Build.0 = Release|Any CPU
		{3AA41FEA-E3E9-4884-8EFD-5C35F9080C16}.Release|ARM64.ActiveCfg = Release|Any CPU
		{3AA41FEA-E3E9-4884-8EFD-5C35F9080C16}.Release|ARM64.Build.0 = Release|Any CPU
		{3AA41FEA-E3E9-4884-8EFD-5C35F9080C16}.Release|iPhone.ActiveCfg = Release|Any CPU
		{3AA41FEA-E3E9-4884-8EFD-5C35F9080C16}.Release|iPhone.Build.0 = Release|Any CPU
		{3AA41FEA-E3E9-4884-8EFD-5C35F9080C16}.Release|iPhoneSimulator.ActiveCfg = Release|Any CPU
		{3AA41FEA-E3E9-4884-8EFD-5C35F9080C16}.Release|iPhoneSimulator.Build.0 = Release|Any CPU
		{3AA41FEA-E3E9-4884-8EFD-5C35F9080C16}.Release|x64.ActiveCfg = Release|Any CPU
		{3AA41FEA-E3E9-4884-8EFD-5C35F9080C16}.Release|x64.Build.0 = Release|Any CPU
		{3AA41FEA-E3E9-4884-8EFD-5C35F9080C16}.Release|x86.ActiveCfg = Release|Any CPU
		{3AA41FEA-E3E9-4884-8EFD-5C35F9080C16}.Release|x86.Build.0 = Release|Any CPU
		{4E7C5CE3-3D4D-4756-A3BF-6C3FA7BF12E3}.Ad-Hoc|Any CPU.ActiveCfg = Debug|Any CPU
		{4E7C5CE3-3D4D-4756-A3BF-6C3FA7BF12E3}.Ad-Hoc|Any CPU.Build.0 = Debug|Any CPU
		{4E7C5CE3-3D4D-4756-A3BF-6C3FA7BF12E3}.Ad-Hoc|ARM.ActiveCfg = Debug|Any CPU
		{4E7C5CE3-3D4D-4756-A3BF-6C3FA7BF12E3}.Ad-Hoc|ARM.Build.0 = Debug|Any CPU
		{4E7C5CE3-3D4D-4756-A3BF-6C3FA7BF12E3}.Ad-Hoc|ARM64.ActiveCfg = Debug|Any CPU
		{4E7C5CE3-3D4D-4756-A3BF-6C3FA7BF12E3}.Ad-Hoc|ARM64.Build.0 = Debug|Any CPU
		{4E7C5CE3-3D4D-4756-A3BF-6C3FA7BF12E3}.Ad-Hoc|iPhone.ActiveCfg = Debug|Any CPU
		{4E7C5CE3-3D4D-4756-A3BF-6C3FA7BF12E3}.Ad-Hoc|iPhone.Build.0 = Debug|Any CPU
		{4E7C5CE3-3D4D-4756-A3BF-6C3FA7BF12E3}.Ad-Hoc|iPhoneSimulator.ActiveCfg = Debug|Any CPU
		{4E7C5CE3-3D4D-4756-A3BF-6C3FA7BF12E3}.Ad-Hoc|iPhoneSimulator.Build.0 = Debug|Any CPU
		{4E7C5CE3-3D4D-4756-A3BF-6C3FA7BF12E3}.Ad-Hoc|x64.ActiveCfg = Debug|Any CPU
		{4E7C5CE3-3D4D-4756-A3BF-6C3FA7BF12E3}.Ad-Hoc|x64.Build.0 = Debug|Any CPU
		{4E7C5CE3-3D4D-4756-A3BF-6C3FA7BF12E3}.Ad-Hoc|x86.ActiveCfg = Debug|Any CPU
		{4E7C5CE3-3D4D-4756-A3BF-6C3FA7BF12E3}.Ad-Hoc|x86.Build.0 = Debug|Any CPU
		{4E7C5CE3-3D4D-4756-A3BF-6C3FA7BF12E3}.AppStore|Any CPU.ActiveCfg = Debug|Any CPU
		{4E7C5CE3-3D4D-4756-A3BF-6C3FA7BF12E3}.AppStore|Any CPU.Build.0 = Debug|Any CPU
		{4E7C5CE3-3D4D-4756-A3BF-6C3FA7BF12E3}.AppStore|ARM.ActiveCfg = Debug|Any CPU
		{4E7C5CE3-3D4D-4756-A3BF-6C3FA7BF12E3}.AppStore|ARM.Build.0 = Debug|Any CPU
		{4E7C5CE3-3D4D-4756-A3BF-6C3FA7BF12E3}.AppStore|ARM64.ActiveCfg = Debug|Any CPU
		{4E7C5CE3-3D4D-4756-A3BF-6C3FA7BF12E3}.AppStore|ARM64.Build.0 = Debug|Any CPU
		{4E7C5CE3-3D4D-4756-A3BF-6C3FA7BF12E3}.AppStore|iPhone.ActiveCfg = Debug|Any CPU
		{4E7C5CE3-3D4D-4756-A3BF-6C3FA7BF12E3}.AppStore|iPhone.Build.0 = Debug|Any CPU
		{4E7C5CE3-3D4D-4756-A3BF-6C3FA7BF12E3}.AppStore|iPhoneSimulator.ActiveCfg = Debug|Any CPU
		{4E7C5CE3-3D4D-4756-A3BF-6C3FA7BF12E3}.AppStore|iPhoneSimulator.Build.0 = Debug|Any CPU
		{4E7C5CE3-3D4D-4756-A3BF-6C3FA7BF12E3}.AppStore|x64.ActiveCfg = Debug|Any CPU
		{4E7C5CE3-3D4D-4756-A3BF-6C3FA7BF12E3}.AppStore|x64.Build.0 = Debug|Any CPU
		{4E7C5CE3-3D4D-4756-A3BF-6C3FA7BF12E3}.AppStore|x86.ActiveCfg = Debug|Any CPU
		{4E7C5CE3-3D4D-4756-A3BF-6C3FA7BF12E3}.AppStore|x86.Build.0 = Debug|Any CPU
		{4E7C5CE3-3D4D-4756-A3BF-6C3FA7BF12E3}.Debug|Any CPU.ActiveCfg = Debug|Any CPU
		{4E7C5CE3-3D4D-4756-A3BF-6C3FA7BF12E3}.Debug|Any CPU.Build.0 = Debug|Any CPU
		{4E7C5CE3-3D4D-4756-A3BF-6C3FA7BF12E3}.Debug|ARM.ActiveCfg = Debug|Any CPU
		{4E7C5CE3-3D4D-4756-A3BF-6C3FA7BF12E3}.Debug|ARM.Build.0 = Debug|Any CPU
		{4E7C5CE3-3D4D-4756-A3BF-6C3FA7BF12E3}.Debug|ARM64.ActiveCfg = Debug|Any CPU
		{4E7C5CE3-3D4D-4756-A3BF-6C3FA7BF12E3}.Debug|ARM64.Build.0 = Debug|Any CPU
		{4E7C5CE3-3D4D-4756-A3BF-6C3FA7BF12E3}.Debug|iPhone.ActiveCfg = Debug|Any CPU
		{4E7C5CE3-3D4D-4756-A3BF-6C3FA7BF12E3}.Debug|iPhone.Build.0 = Debug|Any CPU
		{4E7C5CE3-3D4D-4756-A3BF-6C3FA7BF12E3}.Debug|iPhoneSimulator.ActiveCfg = Debug|Any CPU
		{4E7C5CE3-3D4D-4756-A3BF-6C3FA7BF12E3}.Debug|iPhoneSimulator.Build.0 = Debug|Any CPU
		{4E7C5CE3-3D4D-4756-A3BF-6C3FA7BF12E3}.Debug|x64.ActiveCfg = Debug|Any CPU
		{4E7C5CE3-3D4D-4756-A3BF-6C3FA7BF12E3}.Debug|x64.Build.0 = Debug|Any CPU
		{4E7C5CE3-3D4D-4756-A3BF-6C3FA7BF12E3}.Debug|x86.ActiveCfg = Debug|Any CPU
		{4E7C5CE3-3D4D-4756-A3BF-6C3FA7BF12E3}.Debug|x86.Build.0 = Debug|Any CPU
		{4E7C5CE3-3D4D-4756-A3BF-6C3FA7BF12E3}.Release|Any CPU.ActiveCfg = Release|Any CPU
		{4E7C5CE3-3D4D-4756-A3BF-6C3FA7BF12E3}.Release|Any CPU.Build.0 = Release|Any CPU
		{4E7C5CE3-3D4D-4756-A3BF-6C3FA7BF12E3}.Release|ARM.ActiveCfg = Release|Any CPU
		{4E7C5CE3-3D4D-4756-A3BF-6C3FA7BF12E3}.Release|ARM.Build.0 = Release|Any CPU
		{4E7C5CE3-3D4D-4756-A3BF-6C3FA7BF12E3}.Release|ARM64.ActiveCfg = Release|Any CPU
		{4E7C5CE3-3D4D-4756-A3BF-6C3FA7BF12E3}.Release|ARM64.Build.0 = Release|Any CPU
		{4E7C5CE3-3D4D-4756-A3BF-6C3FA7BF12E3}.Release|iPhone.ActiveCfg = Release|Any CPU
		{4E7C5CE3-3D4D-4756-A3BF-6C3FA7BF12E3}.Release|iPhone.Build.0 = Release|Any CPU
		{4E7C5CE3-3D4D-4756-A3BF-6C3FA7BF12E3}.Release|iPhoneSimulator.ActiveCfg = Release|Any CPU
		{4E7C5CE3-3D4D-4756-A3BF-6C3FA7BF12E3}.Release|iPhoneSimulator.Build.0 = Release|Any CPU
		{4E7C5CE3-3D4D-4756-A3BF-6C3FA7BF12E3}.Release|x64.ActiveCfg = Release|Any CPU
		{4E7C5CE3-3D4D-4756-A3BF-6C3FA7BF12E3}.Release|x64.Build.0 = Release|Any CPU
		{4E7C5CE3-3D4D-4756-A3BF-6C3FA7BF12E3}.Release|x86.ActiveCfg = Release|Any CPU
		{4E7C5CE3-3D4D-4756-A3BF-6C3FA7BF12E3}.Release|x86.Build.0 = Release|Any CPU
		{F05DC3D4-CA60-4387-9E43-1BA462B2F75E}.Ad-Hoc|Any CPU.ActiveCfg = Debug|Any CPU
		{F05DC3D4-CA60-4387-9E43-1BA462B2F75E}.Ad-Hoc|Any CPU.Build.0 = Debug|Any CPU
		{F05DC3D4-CA60-4387-9E43-1BA462B2F75E}.Ad-Hoc|ARM.ActiveCfg = Debug|Any CPU
		{F05DC3D4-CA60-4387-9E43-1BA462B2F75E}.Ad-Hoc|ARM.Build.0 = Debug|Any CPU
		{F05DC3D4-CA60-4387-9E43-1BA462B2F75E}.Ad-Hoc|ARM64.ActiveCfg = Debug|Any CPU
		{F05DC3D4-CA60-4387-9E43-1BA462B2F75E}.Ad-Hoc|ARM64.Build.0 = Debug|Any CPU
		{F05DC3D4-CA60-4387-9E43-1BA462B2F75E}.Ad-Hoc|iPhone.ActiveCfg = Debug|Any CPU
		{F05DC3D4-CA60-4387-9E43-1BA462B2F75E}.Ad-Hoc|iPhone.Build.0 = Debug|Any CPU
		{F05DC3D4-CA60-4387-9E43-1BA462B2F75E}.Ad-Hoc|iPhoneSimulator.ActiveCfg = Debug|Any CPU
		{F05DC3D4-CA60-4387-9E43-1BA462B2F75E}.Ad-Hoc|iPhoneSimulator.Build.0 = Debug|Any CPU
		{F05DC3D4-CA60-4387-9E43-1BA462B2F75E}.Ad-Hoc|x64.ActiveCfg = Debug|Any CPU
		{F05DC3D4-CA60-4387-9E43-1BA462B2F75E}.Ad-Hoc|x64.Build.0 = Debug|Any CPU
		{F05DC3D4-CA60-4387-9E43-1BA462B2F75E}.Ad-Hoc|x86.ActiveCfg = Debug|Any CPU
		{F05DC3D4-CA60-4387-9E43-1BA462B2F75E}.Ad-Hoc|x86.Build.0 = Debug|Any CPU
		{F05DC3D4-CA60-4387-9E43-1BA462B2F75E}.AppStore|Any CPU.ActiveCfg = Debug|Any CPU
		{F05DC3D4-CA60-4387-9E43-1BA462B2F75E}.AppStore|Any CPU.Build.0 = Debug|Any CPU
		{F05DC3D4-CA60-4387-9E43-1BA462B2F75E}.AppStore|ARM.ActiveCfg = Debug|Any CPU
		{F05DC3D4-CA60-4387-9E43-1BA462B2F75E}.AppStore|ARM.Build.0 = Debug|Any CPU
		{F05DC3D4-CA60-4387-9E43-1BA462B2F75E}.AppStore|ARM64.ActiveCfg = Debug|Any CPU
		{F05DC3D4-CA60-4387-9E43-1BA462B2F75E}.AppStore|ARM64.Build.0 = Debug|Any CPU
		{F05DC3D4-CA60-4387-9E43-1BA462B2F75E}.AppStore|iPhone.ActiveCfg = Debug|Any CPU
		{F05DC3D4-CA60-4387-9E43-1BA462B2F75E}.AppStore|iPhone.Build.0 = Debug|Any CPU
		{F05DC3D4-CA60-4387-9E43-1BA462B2F75E}.AppStore|iPhoneSimulator.ActiveCfg = Debug|Any CPU
		{F05DC3D4-CA60-4387-9E43-1BA462B2F75E}.AppStore|iPhoneSimulator.Build.0 = Debug|Any CPU
		{F05DC3D4-CA60-4387-9E43-1BA462B2F75E}.AppStore|x64.ActiveCfg = Debug|Any CPU
		{F05DC3D4-CA60-4387-9E43-1BA462B2F75E}.AppStore|x64.Build.0 = Debug|Any CPU
		{F05DC3D4-CA60-4387-9E43-1BA462B2F75E}.AppStore|x86.ActiveCfg = Debug|Any CPU
		{F05DC3D4-CA60-4387-9E43-1BA462B2F75E}.AppStore|x86.Build.0 = Debug|Any CPU
		{F05DC3D4-CA60-4387-9E43-1BA462B2F75E}.Debug|Any CPU.ActiveCfg = Debug|Any CPU
		{F05DC3D4-CA60-4387-9E43-1BA462B2F75E}.Debug|Any CPU.Build.0 = Debug|Any CPU
		{F05DC3D4-CA60-4387-9E43-1BA462B2F75E}.Debug|ARM.ActiveCfg = Debug|Any CPU
		{F05DC3D4-CA60-4387-9E43-1BA462B2F75E}.Debug|ARM.Build.0 = Debug|Any CPU
		{F05DC3D4-CA60-4387-9E43-1BA462B2F75E}.Debug|ARM64.ActiveCfg = Debug|Any CPU
		{F05DC3D4-CA60-4387-9E43-1BA462B2F75E}.Debug|ARM64.Build.0 = Debug|Any CPU
		{F05DC3D4-CA60-4387-9E43-1BA462B2F75E}.Debug|iPhone.ActiveCfg = Debug|Any CPU
		{F05DC3D4-CA60-4387-9E43-1BA462B2F75E}.Debug|iPhone.Build.0 = Debug|Any CPU
		{F05DC3D4-CA60-4387-9E43-1BA462B2F75E}.Debug|iPhoneSimulator.ActiveCfg = Debug|Any CPU
		{F05DC3D4-CA60-4387-9E43-1BA462B2F75E}.Debug|iPhoneSimulator.Build.0 = Debug|Any CPU
		{F05DC3D4-CA60-4387-9E43-1BA462B2F75E}.Debug|x64.ActiveCfg = Debug|Any CPU
		{F05DC3D4-CA60-4387-9E43-1BA462B2F75E}.Debug|x64.Build.0 = Debug|Any CPU
		{F05DC3D4-CA60-4387-9E43-1BA462B2F75E}.Debug|x86.ActiveCfg = Debug|Any CPU
		{F05DC3D4-CA60-4387-9E43-1BA462B2F75E}.Debug|x86.Build.0 = Debug|Any CPU
		{F05DC3D4-CA60-4387-9E43-1BA462B2F75E}.Release|Any CPU.ActiveCfg = Release|Any CPU
		{F05DC3D4-CA60-4387-9E43-1BA462B2F75E}.Release|Any CPU.Build.0 = Release|Any CPU
		{F05DC3D4-CA60-4387-9E43-1BA462B2F75E}.Release|ARM.ActiveCfg = Release|Any CPU
		{F05DC3D4-CA60-4387-9E43-1BA462B2F75E}.Release|ARM.Build.0 = Release|Any CPU
		{F05DC3D4-CA60-4387-9E43-1BA462B2F75E}.Release|ARM64.ActiveCfg = Release|Any CPU
		{F05DC3D4-CA60-4387-9E43-1BA462B2F75E}.Release|ARM64.Build.0 = Release|Any CPU
		{F05DC3D4-CA60-4387-9E43-1BA462B2F75E}.Release|iPhone.ActiveCfg = Release|Any CPU
		{F05DC3D4-CA60-4387-9E43-1BA462B2F75E}.Release|iPhone.Build.0 = Release|Any CPU
		{F05DC3D4-CA60-4387-9E43-1BA462B2F75E}.Release|iPhoneSimulator.ActiveCfg = Release|Any CPU
		{F05DC3D4-CA60-4387-9E43-1BA462B2F75E}.Release|iPhoneSimulator.Build.0 = Release|Any CPU
		{F05DC3D4-CA60-4387-9E43-1BA462B2F75E}.Release|x64.ActiveCfg = Release|Any CPU
		{F05DC3D4-CA60-4387-9E43-1BA462B2F75E}.Release|x64.Build.0 = Release|Any CPU
		{F05DC3D4-CA60-4387-9E43-1BA462B2F75E}.Release|x86.ActiveCfg = Release|Any CPU
		{F05DC3D4-CA60-4387-9E43-1BA462B2F75E}.Release|x86.Build.0 = Release|Any CPU
		{55676983-B238-494C-B649-DE7AF752E274}.Ad-Hoc|Any CPU.ActiveCfg = Debug|Any CPU
		{55676983-B238-494C-B649-DE7AF752E274}.Ad-Hoc|Any CPU.Build.0 = Debug|Any CPU
		{55676983-B238-494C-B649-DE7AF752E274}.Ad-Hoc|ARM.ActiveCfg = Debug|Any CPU
		{55676983-B238-494C-B649-DE7AF752E274}.Ad-Hoc|ARM.Build.0 = Debug|Any CPU
		{55676983-B238-494C-B649-DE7AF752E274}.Ad-Hoc|ARM64.ActiveCfg = Debug|Any CPU
		{55676983-B238-494C-B649-DE7AF752E274}.Ad-Hoc|ARM64.Build.0 = Debug|Any CPU
		{55676983-B238-494C-B649-DE7AF752E274}.Ad-Hoc|iPhone.ActiveCfg = Debug|Any CPU
		{55676983-B238-494C-B649-DE7AF752E274}.Ad-Hoc|iPhone.Build.0 = Debug|Any CPU
		{55676983-B238-494C-B649-DE7AF752E274}.Ad-Hoc|iPhoneSimulator.ActiveCfg = Debug|Any CPU
		{55676983-B238-494C-B649-DE7AF752E274}.Ad-Hoc|iPhoneSimulator.Build.0 = Debug|Any CPU
		{55676983-B238-494C-B649-DE7AF752E274}.Ad-Hoc|x64.ActiveCfg = Debug|Any CPU
		{55676983-B238-494C-B649-DE7AF752E274}.Ad-Hoc|x64.Build.0 = Debug|Any CPU
		{55676983-B238-494C-B649-DE7AF752E274}.Ad-Hoc|x86.ActiveCfg = Debug|Any CPU
		{55676983-B238-494C-B649-DE7AF752E274}.Ad-Hoc|x86.Build.0 = Debug|Any CPU
		{55676983-B238-494C-B649-DE7AF752E274}.AppStore|Any CPU.ActiveCfg = Debug|Any CPU
		{55676983-B238-494C-B649-DE7AF752E274}.AppStore|Any CPU.Build.0 = Debug|Any CPU
		{55676983-B238-494C-B649-DE7AF752E274}.AppStore|ARM.ActiveCfg = Debug|Any CPU
		{55676983-B238-494C-B649-DE7AF752E274}.AppStore|ARM.Build.0 = Debug|Any CPU
		{55676983-B238-494C-B649-DE7AF752E274}.AppStore|ARM64.ActiveCfg = Debug|Any CPU
		{55676983-B238-494C-B649-DE7AF752E274}.AppStore|ARM64.Build.0 = Debug|Any CPU
		{55676983-B238-494C-B649-DE7AF752E274}.AppStore|iPhone.ActiveCfg = Debug|Any CPU
		{55676983-B238-494C-B649-DE7AF752E274}.AppStore|iPhone.Build.0 = Debug|Any CPU
		{55676983-B238-494C-B649-DE7AF752E274}.AppStore|iPhoneSimulator.ActiveCfg = Debug|Any CPU
		{55676983-B238-494C-B649-DE7AF752E274}.AppStore|iPhoneSimulator.Build.0 = Debug|Any CPU
		{55676983-B238-494C-B649-DE7AF752E274}.AppStore|x64.ActiveCfg = Debug|Any CPU
		{55676983-B238-494C-B649-DE7AF752E274}.AppStore|x64.Build.0 = Debug|Any CPU
		{55676983-B238-494C-B649-DE7AF752E274}.AppStore|x86.ActiveCfg = Debug|Any CPU
		{55676983-B238-494C-B649-DE7AF752E274}.AppStore|x86.Build.0 = Debug|Any CPU
		{55676983-B238-494C-B649-DE7AF752E274}.Debug|Any CPU.ActiveCfg = Debug|Any CPU
		{55676983-B238-494C-B649-DE7AF752E274}.Debug|Any CPU.Build.0 = Debug|Any CPU
		{55676983-B238-494C-B649-DE7AF752E274}.Debug|ARM.ActiveCfg = Debug|Any CPU
		{55676983-B238-494C-B649-DE7AF752E274}.Debug|ARM.Build.0 = Debug|Any CPU
		{55676983-B238-494C-B649-DE7AF752E274}.Debug|ARM64.ActiveCfg = Debug|Any CPU
		{55676983-B238-494C-B649-DE7AF752E274}.Debug|ARM64.Build.0 = Debug|Any CPU
		{55676983-B238-494C-B649-DE7AF752E274}.Debug|iPhone.ActiveCfg = Debug|Any CPU
		{55676983-B238-494C-B649-DE7AF752E274}.Debug|iPhone.Build.0 = Debug|Any CPU
		{55676983-B238-494C-B649-DE7AF752E274}.Debug|iPhoneSimulator.ActiveCfg = Debug|Any CPU
		{55676983-B238-494C-B649-DE7AF752E274}.Debug|iPhoneSimulator.Build.0 = Debug|Any CPU
		{55676983-B238-494C-B649-DE7AF752E274}.Debug|x64.ActiveCfg = Debug|Any CPU
		{55676983-B238-494C-B649-DE7AF752E274}.Debug|x64.Build.0 = Debug|Any CPU
		{55676983-B238-494C-B649-DE7AF752E274}.Debug|x86.ActiveCfg = Debug|Any CPU
		{55676983-B238-494C-B649-DE7AF752E274}.Debug|x86.Build.0 = Debug|Any CPU
		{55676983-B238-494C-B649-DE7AF752E274}.Release|Any CPU.ActiveCfg = Release|Any CPU
		{55676983-B238-494C-B649-DE7AF752E274}.Release|Any CPU.Build.0 = Release|Any CPU
		{55676983-B238-494C-B649-DE7AF752E274}.Release|ARM.ActiveCfg = Release|Any CPU
		{55676983-B238-494C-B649-DE7AF752E274}.Release|ARM.Build.0 = Release|Any CPU
		{55676983-B238-494C-B649-DE7AF752E274}.Release|ARM64.ActiveCfg = Release|Any CPU
		{55676983-B238-494C-B649-DE7AF752E274}.Release|ARM64.Build.0 = Release|Any CPU
		{55676983-B238-494C-B649-DE7AF752E274}.Release|iPhone.ActiveCfg = Release|Any CPU
		{55676983-B238-494C-B649-DE7AF752E274}.Release|iPhone.Build.0 = Release|Any CPU
		{55676983-B238-494C-B649-DE7AF752E274}.Release|iPhoneSimulator.ActiveCfg = Release|Any CPU
		{55676983-B238-494C-B649-DE7AF752E274}.Release|iPhoneSimulator.Build.0 = Release|Any CPU
		{55676983-B238-494C-B649-DE7AF752E274}.Release|x64.ActiveCfg = Release|Any CPU
		{55676983-B238-494C-B649-DE7AF752E274}.Release|x64.Build.0 = Release|Any CPU
		{55676983-B238-494C-B649-DE7AF752E274}.Release|x86.ActiveCfg = Release|Any CPU
		{55676983-B238-494C-B649-DE7AF752E274}.Release|x86.Build.0 = Release|Any CPU
	EndGlobalSection
	GlobalSection(SolutionProperties) = preSolution
		HideSolutionNode = FALSE
	EndGlobalSection
	GlobalSection(NestedProjects) = preSolution
		{FFE76C2A-BE0B-442C-BA2A-C83E48BB468F} = {815AB553-E099-429C-84C8-ED7450EAC36A}
		{2DAEFBC2-4261-4646-A81D-937D0F24611A} = {815AB553-E099-429C-84C8-ED7450EAC36A}
		{A10C9F9B-1C84-4F8B-A8A3-86555A5387AE} = {815AB553-E099-429C-84C8-ED7450EAC36A}
		{CCF79827-7056-4162-B9C7-51C112C96A27} = {815AB553-E099-429C-84C8-ED7450EAC36A}
		{B82D0E1E-81DD-4038-936C-CA31695F0E6C} = {815AB553-E099-429C-84C8-ED7450EAC36A}
		{2065FA7E-07F6-4698-BDF4-51EB1D56FDA0} = {815AB553-E099-429C-84C8-ED7450EAC36A}
		{3AA41FEA-E3E9-4884-8EFD-5C35F9080C16} = {815AB553-E099-429C-84C8-ED7450EAC36A}
		{4E7C5CE3-3D4D-4756-A3BF-6C3FA7BF12E3} = {815AB553-E099-429C-84C8-ED7450EAC36A}
		{F05DC3D4-CA60-4387-9E43-1BA462B2F75E} = {815AB553-E099-429C-84C8-ED7450EAC36A}
	EndGlobalSection
	GlobalSection(ExtensibilityGlobals) = postSolution
		SolutionGuid = {33E9A484-D41F-44D6-AA91-48E441CB487D}
	EndGlobalSection
EndGlobal
